// !$*UTF8*$!
{
	archiveVersion = 1;
	classes = {
	};
	objectVersion = 50;
	objects = {

/* Begin PBXBuildFile section */
		4CE0F1DC219790C40073633E /* main.cpp in Sources */ = {isa = PBXBuildFile; fileRef = 4CE0F1DB219790C40073633E /* main.cpp */; };
		4CE0F1DE219790C40073633E /* Makefile in Sources */ = {isa = PBXBuildFile; fileRef = 4CE0F1DD219790C40073633E /* Makefile */; };
/* End PBXBuildFile section */

/* Begin PBXFileReference section */
		4CE0F1D8219790C40073633E /* Index */ = {isa = PBXFileReference; explicitFileType = "compiled.mach-o.executable"; includeInIndex = 0; path = Index; sourceTree = BUILT_PRODUCTS_DIR; };
		4CE0F1DB219790C40073633E /* main.cpp */ = {isa = PBXFileReference; lastKnownFileType = sourcecode.cpp.cpp; path = main.cpp; sourceTree = "<group>"; };
		4CE0F1DD219790C40073633E /* Makefile */ = {isa = PBXFileReference; lastKnownFileType = sourcecode.make; path = Makefile; sourceTree = "<group>"; };
		4CE0F1DF219790C40073633E /* ReadMe.txt */ = {isa = PBXFileReference; lastKnownFileType = text; path = ReadMe.txt; sourceTree = "<group>"; };
		4CE0F1E1219790C40073633E /* Sketchbook.txt */ = {isa = PBXFileReference; lastKnownFileType = text; name = Sketchbook.txt; path = Sketchbook/Sketchbook.txt; sourceTree = "<group>"; };
		4CE0F1E3219790C40073633E /* Arduino Due (Programming Port).xcconfig */ = {isa = PBXFileReference; lastKnownFileType = text.xcconfig; name = "Arduino Due (Programming Port).xcconfig"; path = "Configurations/Arduino Due (Programming Port).xcconfig"; sourceTree = "<group>"; };
		4CE0F1E4219790C40073633E /* Arduino Duemilanove.xcconfig */ = {isa = PBXFileReference; lastKnownFileType = text.xcconfig; name = "Arduino Duemilanove.xcconfig"; path = "Configurations/Arduino Duemilanove.xcconfig"; sourceTree = "<group>"; };
		4CE0F1E5219790C40073633E /* Arduino Leonardo.xcconfig */ = {isa = PBXFileReference; lastKnownFileType = text.xcconfig; name = "Arduino Leonardo.xcconfig"; path = "Configurations/Arduino Leonardo.xcconfig"; sourceTree = "<group>"; };
		4CE0F1E6219790C40073633E /* Arduino Mega 2560.xcconfig */ = {isa = PBXFileReference; lastKnownFileType = text.xcconfig; name = "Arduino Mega 2560.xcconfig"; path = "Configurations/Arduino Mega 2560.xcconfig"; sourceTree = "<group>"; };
		4CE0F1E7219790C40073633E /* Arduino Micro.xcconfig */ = {isa = PBXFileReference; lastKnownFileType = text.xcconfig; name = "Arduino Micro.xcconfig"; path = "Configurations/Arduino Micro.xcconfig"; sourceTree = "<group>"; };
		4CE0F1E8219790C40073633E /* Arduino Pro ATmega328-3.3V.xcconfig */ = {isa = PBXFileReference; lastKnownFileType = text.xcconfig; name = "Arduino Pro ATmega328-3.3V.xcconfig"; path = "Configurations/Arduino Pro ATmega328-3.3V.xcconfig"; sourceTree = "<group>"; };
		4CE0F1E9219790C40073633E /* Arduino Pro ATmega328-5V.xcconfig */ = {isa = PBXFileReference; lastKnownFileType = text.xcconfig; name = "Arduino Pro ATmega328-5V.xcconfig"; path = "Configurations/Arduino Pro ATmega328-5V.xcconfig"; sourceTree = "<group>"; };
		4CE0F1EA219790C40073633E /* Arduino Mini ATmega168.xcconfig */ = {isa = PBXFileReference; lastKnownFileType = text.xcconfig; name = "Arduino Mini ATmega168.xcconfig"; path = "Configurations/Arduino Mini ATmega168.xcconfig"; sourceTree = "<group>"; };
		4CE0F1EB219790C40073633E /* Arduino Mini ATmega328.xcconfig */ = {isa = PBXFileReference; lastKnownFileType = text.xcconfig; name = "Arduino Mini ATmega328.xcconfig"; path = "Configurations/Arduino Mini ATmega328.xcconfig"; sourceTree = "<group>"; };
		4CE0F1EC219790C40073633E /* Arduino Nano ATmega168.xcconfig */ = {isa = PBXFileReference; lastKnownFileType = text.xcconfig; name = "Arduino Nano ATmega168.xcconfig"; path = "Configurations/Arduino Nano ATmega168.xcconfig"; sourceTree = "<group>"; };
		4CE0F1ED219790C40073633E /* Arduino Nano ATmega328.xcconfig */ = {isa = PBXFileReference; lastKnownFileType = text.xcconfig; name = "Arduino Nano ATmega328.xcconfig"; path = "Configurations/Arduino Nano ATmega328.xcconfig"; sourceTree = "<group>"; };
		4CE0F1EE219790C40073633E /* Arduino Robot Control.xcconfig */ = {isa = PBXFileReference; lastKnownFileType = text.xcconfig; name = "Arduino Robot Control.xcconfig"; path = "Configurations/Arduino Robot Control.xcconfig"; sourceTree = "<group>"; };
		4CE0F1EF219790C40073633E /* Arduino Robot Motor.xcconfig */ = {isa = PBXFileReference; lastKnownFileType = text.xcconfig; name = "Arduino Robot Motor.xcconfig"; path = "Configurations/Arduino Robot Motor.xcconfig"; sourceTree = "<group>"; };
		4CE0F1F0219790C40073633E /* Arduino Uno.xcconfig */ = {isa = PBXFileReference; lastKnownFileType = text.xcconfig; name = "Arduino Uno.xcconfig"; path = "Configurations/Arduino Uno.xcconfig"; sourceTree = "<group>"; };
		4CE0F1F1219790C40073633E /* Arduino Yun (USB).xcconfig */ = {isa = PBXFileReference; lastKnownFileType = text.xcconfig; name = "Arduino Yun (USB).xcconfig"; path = "Configurations/Arduino Yun (USB).xcconfig"; sourceTree = "<group>"; };
		4CE0F1F2219790C40073633E /* Arduino Zero (Programming Port).xcconfig */ = {isa = PBXFileReference; lastKnownFileType = text.xcconfig; name = "Arduino Zero (Programming Port).xcconfig"; path = "Configurations/Arduino Zero (Programming Port).xcconfig"; sourceTree = "<group>"; };
		4CE0F1F3219790C40073633E /* Arduino M0 Pro (Programming Port).xcconfig */ = {isa = PBXFileReference; lastKnownFileType = text.xcconfig; name = "Arduino M0 Pro (Programming Port).xcconfig"; path = "Configurations/Arduino M0 Pro (Programming Port).xcconfig"; sourceTree = "<group>"; };
		4CE0F1F4219790C40073633E /* Arduino Tian (USB).xcconfig */ = {isa = PBXFileReference; lastKnownFileType = text.xcconfig; name = "Arduino Tian (USB).xcconfig"; path = "Configurations/Arduino Tian (USB).xcconfig"; sourceTree = "<group>"; };
		4CE0F1F5219790C40073633E /* chipKIT DP32.xcconfig */ = {isa = PBXFileReference; lastKnownFileType = text.xcconfig; name = "chipKIT DP32.xcconfig"; path = "Configurations/chipKIT DP32.xcconfig"; sourceTree = "<group>"; };
		4CE0F1F6219790C40073633E /* chipKIT Max32.xcconfig */ = {isa = PBXFileReference; lastKnownFileType = text.xcconfig; name = "chipKIT Max32.xcconfig"; path = "Configurations/chipKIT Max32.xcconfig"; sourceTree = "<group>"; };
		4CE0F1F7219790C40073633E /* chipKIT uC32.xcconfig */ = {isa = PBXFileReference; lastKnownFileType = text.xcconfig; name = "chipKIT uC32.xcconfig"; path = "Configurations/chipKIT uC32.xcconfig"; sourceTree = "<group>"; };
		4CE0F1F8219790C40073633E /* chipKIT Uno32.xcconfig */ = {isa = PBXFileReference; lastKnownFileType = text.xcconfig; name = "chipKIT Uno32.xcconfig"; path = "Configurations/chipKIT Uno32.xcconfig"; sourceTree = "<group>"; };
		4CE0F1F9219790C40073633E /* chipKIT WF32.xcconfig */ = {isa = PBXFileReference; lastKnownFileType = text.xcconfig; name = "chipKIT WF32.xcconfig"; path = "Configurations/chipKIT WF32.xcconfig"; sourceTree = "<group>"; };
		4CE0F1FA219790C40073633E /* chipKIT WiFire Rev.AB.xcconfig */ = {isa = PBXFileReference; lastKnownFileType = text.xcconfig; name = "chipKIT WiFire Rev.AB.xcconfig"; path = "Configurations/chipKIT WiFire Rev.AB.xcconfig"; sourceTree = "<group>"; };
		4CE0F1FB219790C40073633E /* chipKIT WiFire Rev.C.xcconfig */ = {isa = PBXFileReference; lastKnownFileType = text.xcconfig; name = "chipKIT WiFire Rev.C.xcconfig"; path = "Configurations/chipKIT WiFire Rev.C.xcconfig"; sourceTree = "<group>"; };
		4CE0F1FC219790C40073633E /* ESP8266.xcconfig */ = {isa = PBXFileReference; lastKnownFileType = text.xcconfig; name = ESP8266.xcconfig; path = Configurations/ESP8266.xcconfig; sourceTree = "<group>"; };
		4CE0F1FD219790C40073633E /* ftDuino.xcconfig */ = {isa = PBXFileReference; lastKnownFileType = text.xcconfig; name = ftDuino.xcconfig; path = Configurations/ftDuino.xcconfig; sourceTree = "<group>"; };
		4CE0F1FE219790C40073633E /* NodeMCU 0.9 ESP-12.xcconfig */ = {isa = PBXFileReference; lastKnownFileType = text.xcconfig; name = "NodeMCU 0.9 ESP-12.xcconfig"; path = "Configurations/NodeMCU 0.9 ESP-12.xcconfig"; sourceTree = "<group>"; };
		4CE0F1FF219790C40073633E /* NodeMCU 1.0 ESP-12E.xcconfig */ = {isa = PBXFileReference; lastKnownFileType = text.xcconfig; name = "NodeMCU 1.0 ESP-12E.xcconfig"; path = "Configurations/NodeMCU 1.0 ESP-12E.xcconfig"; sourceTree = "<group>"; };
		4CE0F200219790C40073633E /* LaunchPad MSP432P401 EMT.xcconfig */ = {isa = PBXFileReference; lastKnownFileType = text.xcconfig; name = "LaunchPad MSP432P401 EMT.xcconfig"; path = "Configurations/LaunchPad MSP432P401 EMT.xcconfig"; sourceTree = "<group>"; };
		4CE0F201219790C40073633E /* LaunchPad MSP432P401 Red EMT.xcconfig */ = {isa = PBXFileReference; lastKnownFileType = text.xcconfig; name = "LaunchPad MSP432P401 Red EMT.xcconfig"; path = "Configurations/LaunchPad MSP432P401 Red EMT.xcconfig"; sourceTree = "<group>"; };
		4CE0F202219790C40073633E /* LaunchPad CC3200 WiFi.xcconfig */ = {isa = PBXFileReference; lastKnownFileType = text.xcconfig; name = "LaunchPad CC3200 WiFi.xcconfig"; path = "Configurations/LaunchPad CC3200 WiFi.xcconfig"; sourceTree = "<group>"; };
		4CE0F203219790C40073633E /* LaunchPad LM4F120 Stellaris.xcconfig */ = {isa = PBXFileReference; lastKnownFileType = text.xcconfig; name = "LaunchPad LM4F120 Stellaris.xcconfig"; path = "Configurations/LaunchPad LM4F120 Stellaris.xcconfig"; sourceTree = "<group>"; };
		4CE0F204219790C40073633E /* LaunchPad TM4C123 Tiva C.xcconfig */ = {isa = PBXFileReference; lastKnownFileType = text.xcconfig; name = "LaunchPad TM4C123 Tiva C.xcconfig"; path = "Configurations/LaunchPad TM4C123 Tiva C.xcconfig"; sourceTree = "<group>"; };
		4CE0F205219790C40073633E /* LaunchPad TM4C129 Ethernet.xcconfig */ = {isa = PBXFileReference; lastKnownFileType = text.xcconfig; name = "LaunchPad TM4C129 Ethernet.xcconfig"; path = "Configurations/LaunchPad TM4C129 Ethernet.xcconfig"; sourceTree = "<group>"; };
		4CE0F206219790C40073633E /* LaunchPad MSP430G2553.xcconfig */ = {isa = PBXFileReference; lastKnownFileType = text.xcconfig; name = "LaunchPad MSP430G2553.xcconfig"; path = "Configurations/LaunchPad MSP430G2553.xcconfig"; sourceTree = "<group>"; };
		4CE0F207219790C40073633E /* LaunchPad MSP430G2955.xcconfig */ = {isa = PBXFileReference; lastKnownFileType = text.xcconfig; name = "LaunchPad MSP430G2955.xcconfig"; path = "Configurations/LaunchPad MSP430G2955.xcconfig"; sourceTree = "<group>"; };
		4CE0F208219790C40073633E /* LaunchPad MSP430FR2355.xcconfig */ = {isa = PBXFileReference; lastKnownFileType = text.xcconfig; name = "LaunchPad MSP430FR2355.xcconfig"; path = "Configurations/LaunchPad MSP430FR2355.xcconfig"; sourceTree = "<group>"; };
		4CE0F209219790C40073633E /* LaunchPad MSP430FR2433.xcconfig */ = {isa = PBXFileReference; lastKnownFileType = text.xcconfig; name = "LaunchPad MSP430FR2433.xcconfig"; path = "Configurations/LaunchPad MSP430FR2433.xcconfig"; sourceTree = "<group>"; };
		4CE0F20A219790C40073633E /* LaunchPad MSP430FR4133.xcconfig */ = {isa = PBXFileReference; lastKnownFileType = text.xcconfig; name = "LaunchPad MSP430FR4133.xcconfig"; path = "Configurations/LaunchPad MSP430FR4133.xcconfig"; sourceTree = "<group>"; };
		4CE0F20B219790C40073633E /* LaunchPad MSP430F5529.xcconfig */ = {isa = PBXFileReference; lastKnownFileType = text.xcconfig; name = "LaunchPad MSP430F5529.xcconfig"; path = "Configurations/LaunchPad MSP430F5529.xcconfig"; sourceTree = "<group>"; };
		4CE0F20C219790C40073633E /* LaunchPad MSP430FR5969.xcconfig */ = {isa = PBXFileReference; lastKnownFileType = text.xcconfig; name = "LaunchPad MSP430FR5969.xcconfig"; path = "Configurations/LaunchPad MSP430FR5969.xcconfig"; sourceTree = "<group>"; };
		4CE0F20D219790C40073633E /* LaunchPad MSP430FR6989.xcconfig */ = {isa = PBXFileReference; lastKnownFileType = text.xcconfig; name = "LaunchPad MSP430FR6989.xcconfig"; path = "Configurations/LaunchPad MSP430FR6989.xcconfig"; sourceTree = "<group>"; };
		4CE0F20E219790C40073633E /* Teensy 2.0.xcconfig */ = {isa = PBXFileReference; lastKnownFileType = text.xcconfig; name = "Teensy 2.0.xcconfig"; path = "Configurations/Teensy 2.0.xcconfig"; sourceTree = "<group>"; };
		4CE0F20F219790C40073633E /* Teensy 3.0.xcconfig */ = {isa = PBXFileReference; lastKnownFileType = text.xcconfig; name = "Teensy 3.0.xcconfig"; path = "Configurations/Teensy 3.0.xcconfig"; sourceTree = "<group>"; };
		4CE0F210219790C40073633E /* Teensy 3.1.xcconfig */ = {isa = PBXFileReference; lastKnownFileType = text.xcconfig; name = "Teensy 3.1.xcconfig"; path = "Configurations/Teensy 3.1.xcconfig"; sourceTree = "<group>"; };
		4CE0F211219790C40073633E /* Teensy 3.2.xcconfig */ = {isa = PBXFileReference; lastKnownFileType = text.xcconfig; name = "Teensy 3.2.xcconfig"; path = "Configurations/Teensy 3.2.xcconfig"; sourceTree = "<group>"; };
		4CE0F212219790C40073633E /* Teensy 3.5.xcconfig */ = {isa = PBXFileReference; lastKnownFileType = text.xcconfig; name = "Teensy 3.5.xcconfig"; path = "Configurations/Teensy 3.5.xcconfig"; sourceTree = "<group>"; };
		4CE0F213219790C40073633E /* Teensy 3.6.xcconfig */ = {isa = PBXFileReference; lastKnownFileType = text.xcconfig; name = "Teensy 3.6.xcconfig"; path = "Configurations/Teensy 3.6.xcconfig"; sourceTree = "<group>"; };
		4CE0F214219790C40073633E /* Teensy LC.xcconfig */ = {isa = PBXFileReference; lastKnownFileType = text.xcconfig; name = "Teensy LC.xcconfig"; path = "Configurations/Teensy LC.xcconfig"; sourceTree = "<group>"; };
		4CE0F216219790C40073633E /* ArduinoAVR_180.mk */ = {isa = PBXFileReference; lastKnownFileType = text; name = ArduinoAVR_180.mk; path = Makefiles/ArduinoAVR_180.mk; sourceTree = "<group>"; };
		4CE0F217219790C40073633E /* ArduinoAVR_181.mk */ = {isa = PBXFileReference; lastKnownFileType = text; name = ArduinoAVR_181.mk; path = Makefiles/ArduinoAVR_181.mk; sourceTree = "<group>"; };
		4CE0F218219790C40073633E /* ArduinoSAM_180.mk */ = {isa = PBXFileReference; lastKnownFileType = text; name = ArduinoSAM_180.mk; path = Makefiles/ArduinoSAM_180.mk; sourceTree = "<group>"; };
		4CE0F219219790C40073633E /* ArduinoSAMD_180.mk */ = {isa = PBXFileReference; lastKnownFileType = text; name = ArduinoSAMD_180.mk; path = Makefiles/ArduinoSAMD_180.mk; sourceTree = "<group>"; };
		4CE0F21A219790C40073633E /* chipKIT_180.mk */ = {isa = PBXFileReference; lastKnownFileType = text; name = chipKIT_180.mk; path = Makefiles/chipKIT_180.mk; sourceTree = "<group>"; };
		4CE0F21B219790C40073633E /* EnergiaMSP430_18.mk */ = {isa = PBXFileReference; lastKnownFileType = text; name = EnergiaMSP430_18.mk; path = Makefiles/EnergiaMSP430_18.mk; sourceTree = "<group>"; };
		4CE0F21C219790C40073633E /* EnergiaMSP430_19.mk */ = {isa = PBXFileReference; lastKnownFileType = text; name = EnergiaMSP430_19.mk; path = Makefiles/EnergiaMSP430_19.mk; sourceTree = "<group>"; };
		4CE0F21D219790C40073633E /* EnergiaMSP432EMT_18.mk */ = {isa = PBXFileReference; lastKnownFileType = text; name = EnergiaMSP432EMT_18.mk; path = Makefiles/EnergiaMSP432EMT_18.mk; sourceTree = "<group>"; };
		4CE0F21E219790C40073633E /* EnergiaMSP432REDEMT_18.mk */ = {isa = PBXFileReference; lastKnownFileType = text; name = EnergiaMSP432REDEMT_18.mk; path = Makefiles/EnergiaMSP432REDEMT_18.mk; sourceTree = "<group>"; };
		4CE0F21F219790C40073633E /* EnergiaTIVAC_18.mk */ = {isa = PBXFileReference; lastKnownFileType = text; name = EnergiaTIVAC_18.mk; path = Makefiles/EnergiaTIVAC_18.mk; sourceTree = "<group>"; };
		4CE0F220219790C40073633E /* EnergiaCC3200_18.mk */ = {isa = PBXFileReference; lastKnownFileType = text; name = EnergiaCC3200_18.mk; path = Makefiles/EnergiaCC3200_18.mk; sourceTree = "<group>"; };
		4CE0F221219790C40073633E /* EnergiaCC3200EMT_18.mk */ = {isa = PBXFileReference; lastKnownFileType = text; name = EnergiaCC3200EMT_18.mk; path = Makefiles/EnergiaCC3200EMT_18.mk; sourceTree = "<group>"; };
		4CE0F222219790C40073633E /* ESP8266_180.mk */ = {isa = PBXFileReference; lastKnownFileType = text; name = ESP8266_180.mk; path = Makefiles/ESP8266_180.mk; sourceTree = "<group>"; };
		4CE0F223219790C40073633E /* ftDuino_180.mk */ = {isa = PBXFileReference; lastKnownFileType = text; name = ftDuino_180.mk; path = Makefiles/ftDuino_180.mk; sourceTree = "<group>"; };
		4CE0F224219790C40073633E /* Teensy.mk */ = {isa = PBXFileReference; lastKnownFileType = text; name = Teensy.mk; path = Makefiles/Teensy.mk; sourceTree = "<group>"; };
		4CE0F225219790C40073633E /* Teensy2.mk */ = {isa = PBXFileReference; lastKnownFileType = text; name = Teensy2.mk; path = Makefiles/Teensy2.mk; sourceTree = "<group>"; };
		4CE0F226219790C40073633E /* Teensy3.mk */ = {isa = PBXFileReference; lastKnownFileType = text; name = Teensy3.mk; path = Makefiles/Teensy3.mk; sourceTree = "<group>"; };
		4CE0F227219790C40073633E /* About.mk */ = {isa = PBXFileReference; lastKnownFileType = text; name = About.mk; path = Makefiles/About.mk; sourceTree = "<group>"; };
		4CE0F228219790C40073633E /* Step1.mk */ = {isa = PBXFileReference; lastKnownFileType = text; name = Step1.mk; path = Makefiles/Step1.mk; sourceTree = "<group>"; };
		4CE0F229219790C40073633E /* Step2.mk */ = {isa = PBXFileReference; lastKnownFileType = text; name = Step2.mk; path = Makefiles/Step2.mk; sourceTree = "<group>"; };
		4CE0F22A219790C40073633E /* Avrdude.mk */ = {isa = PBXFileReference; lastKnownFileType = text; name = Avrdude.mk; path = Makefiles/Avrdude.mk; sourceTree = "<group>"; };
		4CE0F22C219790C40073633E /* reset_1200.py */ = {isa = PBXFileReference; lastKnownFileType = text.script.python; name = reset_1200.py; path = Utilities/reset_1200.py; sourceTree = "<group>"; };
		4CE0F22D219790C40073633E /* embedXcode_prepare */ = {isa = PBXFileReference; lastKnownFileType = "compiled.mach-o.executable"; name = embedXcode_prepare; path = Utilities/embedXcode_prepare; sourceTree = "<group>"; };
		4CE0F22E219790C40073633E /* embedXcode_check */ = {isa = PBXFileReference; lastKnownFileType = "compiled.mach-o.executable"; name = embedXcode_check; path = Utilities/embedXcode_check; sourceTree = "<group>"; };
		4CE0F22F219790C40073633E /* embedXcode_chrono */ = {isa = PBXFileReference; lastKnownFileType = "compiled.mach-o.executable"; name = embedXcode_chrono; path = Utilities/embedXcode_chrono; sourceTree = "<group>"; };
		4CE0F230219790C40073633E /* TemplateIcon.icns */ = {isa = PBXFileReference; lastKnownFileType = image.icns; name = TemplateIcon.icns; path = Utilities/TemplateIcon.icns; sourceTree = "<group>"; };
		4CE0F231219790C40073633E /* Ultrasonic_Distance_Sensor.ino */ = {isa = PBXFileReference; lastKnownFileType = text; path = Ultrasonic_Distance_Sensor.ino; sourceTree = "<group>"; };
/* End PBXFileReference section */

/* Begin PBXGroup section */
		4CE0F1CC219790C40073633E = {
			isa = PBXGroup;
			children = (
				4CE0F1DA219790C40073633E /* Ultrasonic Distance Sensor */,
				4CE0F1D9219790C40073633E /* Products */,
			);
			sourceTree = "<group>";
		};
		4CE0F1D9219790C40073633E /* Products */ = {
			isa = PBXGroup;
			children = (
				4CE0F1D8219790C40073633E /* Index */,
			);
			name = Products;
			sourceTree = "<group>";
		};
		4CE0F1DA219790C40073633E /* Ultrasonic Distance Sensor */ = {
			isa = PBXGroup;
			children = (
				4CE0F1DB219790C40073633E /* main.cpp */,
				4CE0F1DD219790C40073633E /* Makefile */,
				4CE0F1DF219790C40073633E /* ReadMe.txt */,
				4CE0F231219790C40073633E /* Ultrasonic_Distance_Sensor.ino */,
				4CE0F1E0219790C40073633E /* Sketchbook */,
				4CE0F1E2219790C40073633E /* Configurations */,
				4CE0F215219790C40073633E /* Makefiles */,
				4CE0F22B219790C40073633E /* Utilities */,
			);
			path = "Ultrasonic Distance Sensor";
			sourceTree = "<group>";
		};
		4CE0F1E0219790C40073633E /* Sketchbook */ = {
			isa = PBXGroup;
			children = (
				4CE0F1E1219790C40073633E /* Sketchbook.txt */,
			);
			name = Sketchbook;
			sourceTree = "<group>";
		};
		4CE0F1E2219790C40073633E /* Configurations */ = {
			isa = PBXGroup;
			children = (
				4CE0F1E3219790C40073633E /* Arduino Due (Programming Port).xcconfig */,
				4CE0F1E4219790C40073633E /* Arduino Duemilanove.xcconfig */,
				4CE0F1E5219790C40073633E /* Arduino Leonardo.xcconfig */,
				4CE0F1E6219790C40073633E /* Arduino Mega 2560.xcconfig */,
				4CE0F1E7219790C40073633E /* Arduino Micro.xcconfig */,
				4CE0F1E8219790C40073633E /* Arduino Pro ATmega328-3.3V.xcconfig */,
				4CE0F1E9219790C40073633E /* Arduino Pro ATmega328-5V.xcconfig */,
				4CE0F1EA219790C40073633E /* Arduino Mini ATmega168.xcconfig */,
				4CE0F1EB219790C40073633E /* Arduino Mini ATmega328.xcconfig */,
				4CE0F1EC219790C40073633E /* Arduino Nano ATmega168.xcconfig */,
				4CE0F1ED219790C40073633E /* Arduino Nano ATmega328.xcconfig */,
				4CE0F1EE219790C40073633E /* Arduino Robot Control.xcconfig */,
				4CE0F1EF219790C40073633E /* Arduino Robot Motor.xcconfig */,
				4CE0F1F0219790C40073633E /* Arduino Uno.xcconfig */,
				4CE0F1F1219790C40073633E /* Arduino Yun (USB).xcconfig */,
				4CE0F1F2219790C40073633E /* Arduino Zero (Programming Port).xcconfig */,
				4CE0F1F3219790C40073633E /* Arduino M0 Pro (Programming Port).xcconfig */,
				4CE0F1F4219790C40073633E /* Arduino Tian (USB).xcconfig */,
				4CE0F1F5219790C40073633E /* chipKIT DP32.xcconfig */,
				4CE0F1F6219790C40073633E /* chipKIT Max32.xcconfig */,
				4CE0F1F7219790C40073633E /* chipKIT uC32.xcconfig */,
				4CE0F1F8219790C40073633E /* chipKIT Uno32.xcconfig */,
				4CE0F1F9219790C40073633E /* chipKIT WF32.xcconfig */,
				4CE0F1FA219790C40073633E /* chipKIT WiFire Rev.AB.xcconfig */,
				4CE0F1FB219790C40073633E /* chipKIT WiFire Rev.C.xcconfig */,
				4CE0F1FC219790C40073633E /* ESP8266.xcconfig */,
				4CE0F1FD219790C40073633E /* ftDuino.xcconfig */,
				4CE0F1FE219790C40073633E /* NodeMCU 0.9 ESP-12.xcconfig */,
				4CE0F1FF219790C40073633E /* NodeMCU 1.0 ESP-12E.xcconfig */,
				4CE0F200219790C40073633E /* LaunchPad MSP432P401 EMT.xcconfig */,
				4CE0F201219790C40073633E /* LaunchPad MSP432P401 Red EMT.xcconfig */,
				4CE0F202219790C40073633E /* LaunchPad CC3200 WiFi.xcconfig */,
				4CE0F203219790C40073633E /* LaunchPad LM4F120 Stellaris.xcconfig */,
				4CE0F204219790C40073633E /* LaunchPad TM4C123 Tiva C.xcconfig */,
				4CE0F205219790C40073633E /* LaunchPad TM4C129 Ethernet.xcconfig */,
				4CE0F206219790C40073633E /* LaunchPad MSP430G2553.xcconfig */,
				4CE0F207219790C40073633E /* LaunchPad MSP430G2955.xcconfig */,
				4CE0F208219790C40073633E /* LaunchPad MSP430FR2355.xcconfig */,
				4CE0F209219790C40073633E /* LaunchPad MSP430FR2433.xcconfig */,
				4CE0F20A219790C40073633E /* LaunchPad MSP430FR4133.xcconfig */,
				4CE0F20B219790C40073633E /* LaunchPad MSP430F5529.xcconfig */,
				4CE0F20C219790C40073633E /* LaunchPad MSP430FR5969.xcconfig */,
				4CE0F20D219790C40073633E /* LaunchPad MSP430FR6989.xcconfig */,
				4CE0F20E219790C40073633E /* Teensy 2.0.xcconfig */,
				4CE0F20F219790C40073633E /* Teensy 3.0.xcconfig */,
				4CE0F210219790C40073633E /* Teensy 3.1.xcconfig */,
				4CE0F211219790C40073633E /* Teensy 3.2.xcconfig */,
				4CE0F212219790C40073633E /* Teensy 3.5.xcconfig */,
				4CE0F213219790C40073633E /* Teensy 3.6.xcconfig */,
				4CE0F214219790C40073633E /* Teensy LC.xcconfig */,
			);
			name = Configurations;
			sourceTree = "<group>";
		};
		4CE0F215219790C40073633E /* Makefiles */ = {
			isa = PBXGroup;
			children = (
				4CE0F216219790C40073633E /* ArduinoAVR_180.mk */,
				4CE0F217219790C40073633E /* ArduinoAVR_181.mk */,
				4CE0F218219790C40073633E /* ArduinoSAM_180.mk */,
				4CE0F219219790C40073633E /* ArduinoSAMD_180.mk */,
				4CE0F21A219790C40073633E /* chipKIT_180.mk */,
				4CE0F21B219790C40073633E /* EnergiaMSP430_18.mk */,
				4CE0F21C219790C40073633E /* EnergiaMSP430_19.mk */,
				4CE0F21D219790C40073633E /* EnergiaMSP432EMT_18.mk */,
				4CE0F21E219790C40073633E /* EnergiaMSP432REDEMT_18.mk */,
				4CE0F21F219790C40073633E /* EnergiaTIVAC_18.mk */,
				4CE0F220219790C40073633E /* EnergiaCC3200_18.mk */,
				4CE0F221219790C40073633E /* EnergiaCC3200EMT_18.mk */,
				4CE0F222219790C40073633E /* ESP8266_180.mk */,
				4CE0F223219790C40073633E /* ftDuino_180.mk */,
				4CE0F224219790C40073633E /* Teensy.mk */,
				4CE0F225219790C40073633E /* Teensy2.mk */,
				4CE0F226219790C40073633E /* Teensy3.mk */,
				4CE0F227219790C40073633E /* About.mk */,
				4CE0F228219790C40073633E /* Step1.mk */,
				4CE0F229219790C40073633E /* Step2.mk */,
				4CE0F22A219790C40073633E /* Avrdude.mk */,
			);
			name = Makefiles;
			sourceTree = "<group>";
		};
		4CE0F22B219790C40073633E /* Utilities */ = {
			isa = PBXGroup;
			children = (
				4CE0F22C219790C40073633E /* reset_1200.py */,
				4CE0F22D219790C40073633E /* embedXcode_prepare */,
				4CE0F22E219790C40073633E /* embedXcode_check */,
				4CE0F22F219790C40073633E /* embedXcode_chrono */,
				4CE0F230219790C40073633E /* TemplateIcon.icns */,
			);
			name = Utilities;
			sourceTree = "<group>";
		};
/* End PBXGroup section */

/* Begin PBXLegacyTarget section */
		4CE0F1D1219790C40073633E /* Build */ = {
			isa = PBXLegacyTarget;
			buildArgumentsString = "build -C \"$(PROJECT)\"";
			buildConfigurationList = 4CE0F234219790C40073633E /* Build configuration list for PBXLegacyTarget "Build" */;
			buildPhases = (
			);
			buildToolPath = make;
			dependencies = (
			);
			name = Build;
			passBuildSettingsInEnvironment = 1;
			productName = Build;
		};
		4CE0F1D2219790C40073633E /* All */ = {
			isa = PBXLegacyTarget;
			buildArgumentsString = "all -C \"$(PROJECT)\"";
			buildConfigurationList = 4CE0F237219790C40073633E /* Build configuration list for PBXLegacyTarget "All" */;
			buildPhases = (
			);
			buildToolPath = make;
			dependencies = (
			);
			name = All;
			passBuildSettingsInEnvironment = 1;
			productName = All;
		};
		4CE0F1D3219790C40073633E /* Boards */ = {
			isa = PBXLegacyTarget;
			buildArgumentsString = "boards -C \"$(PROJECT)\"";
			buildConfigurationList = 4CE0F23A219790C40073633E /* Build configuration list for PBXLegacyTarget "Boards" */;
			buildPhases = (
			);
			buildToolPath = make;
			dependencies = (
			);
			name = Boards;
			passBuildSettingsInEnvironment = 1;
			productName = Boards;
		};
		4CE0F1D4219790C40073633E /* Serial */ = {
			isa = PBXLegacyTarget;
			buildArgumentsString = "serial -C \"$(PROJECT)\"";
			buildConfigurationList = 4CE0F23D219790C40073633E /* Build configuration list for PBXLegacyTarget "Serial" */;
			buildPhases = (
			);
			buildToolPath = make;
			dependencies = (
			);
			name = Serial;
			passBuildSettingsInEnvironment = 1;
			productName = Serial;
		};
		4CE0F1D5219790C40073633E /* Upload */ = {
			isa = PBXLegacyTarget;
			buildArgumentsString = "upload -C \"$(PROJECT)\"";
			buildConfigurationList = 4CE0F240219790C40073633E /* Build configuration list for PBXLegacyTarget "Upload" */;
			buildPhases = (
			);
			buildToolPath = make;
			dependencies = (
			);
			name = Upload;
			passBuildSettingsInEnvironment = 1;
			productName = Upload;
		};
/* End PBXLegacyTarget section */

/* Begin PBXNativeTarget section */
		4CE0F1D7219790C40073633E /* Index */ = {
			isa = PBXNativeTarget;
			buildConfigurationList = 4CE0F243219790C40073633E /* Build configuration list for PBXNativeTarget "Index" */;
			buildPhases = (
				4CE0F1D6219790C40073633E /* Sources */,
			);
			buildRules = (
			);
			dependencies = (
			);
			name = Index;
			productName = Index;
			productReference = 4CE0F1D8219790C40073633E /* Index */;
			productType = "com.apple.product-type.tool";
		};
/* End PBXNativeTarget section */

/* Begin PBXProject section */
		4CE0F1CD219790C40073633E /* Project object */ = {
			isa = PBXProject;
			attributes = {
				LastUpgradeCheck = 1010;
				ORGANIZATIONNAME = "Michael Lema";
				TargetAttributes = {
					4CE0F1D1219790C40073633E = {
						CreatedOnToolsVersion = 10.1;
					};
					4CE0F1D2219790C40073633E = {
						CreatedOnToolsVersion = 10.1;
					};
					4CE0F1D3219790C40073633E = {
						CreatedOnToolsVersion = 10.1;
					};
					4CE0F1D4219790C40073633E = {
						CreatedOnToolsVersion = 10.1;
					};
					4CE0F1D5219790C40073633E = {
						CreatedOnToolsVersion = 10.1;
					};
					4CE0F1D7219790C40073633E = {
						CreatedOnToolsVersion = 10.1;
					};
				};
			};
			buildConfigurationList = 4CE0F1D0219790C40073633E /* Build configuration list for PBXProject "Ultrasonic Distance Sensor" */;
			compatibilityVersion = "Xcode 9.3";
			developmentRegion = en;
			hasScannedForEncodings = 0;
			knownRegions = (
				en,
			);
			mainGroup = 4CE0F1CC219790C40073633E;
			productRefGroup = 4CE0F1D9219790C40073633E /* Products */;
			projectDirPath = "";
			projectRoot = "";
			targets = (
				4CE0F1D1219790C40073633E /* Build */,
				4CE0F1D2219790C40073633E /* All */,
				4CE0F1D3219790C40073633E /* Boards */,
				4CE0F1D4219790C40073633E /* Serial */,
				4CE0F1D5219790C40073633E /* Upload */,
				4CE0F1D7219790C40073633E /* Index */,
			);
		};
/* End PBXProject section */

/* Begin PBXSourcesBuildPhase section */
		4CE0F1D6219790C40073633E /* Sources */ = {
			isa = PBXSourcesBuildPhase;
			buildActionMask = 2147483647;
			files = (
				4CE0F1DE219790C40073633E /* Makefile in Sources */,
				4CE0F1DC219790C40073633E /* main.cpp in Sources */,
			);
			runOnlyForDeploymentPostprocessing = 0;
		};
/* End PBXSourcesBuildPhase section */

/* Begin XCBuildConfiguration section */
		4CE0F232219790C40073633E /* Debug */ = {
			isa = XCBuildConfiguration;
			baseConfigurationReference = 4CE0F1F0219790C40073633E /* Arduino Uno.xcconfig */;
			buildSettings = {
				ALWAYS_SEARCH_USER_PATHS = NO;
				CLANG_ANALYZER_NONNULL = YES;
				CLANG_ANALYZER_NUMBER_OBJECT_CONVERSION = YES_AGGRESSIVE;
				CLANG_CXX_LANGUAGE_STANDARD = "gnu++14";
				CLANG_CXX_LIBRARY = "libc++";
				CLANG_ENABLE_MODULES = YES;
				CLANG_ENABLE_OBJC_ARC = YES;
				CLANG_ENABLE_OBJC_WEAK = YES;
				CLANG_WARN_BLOCK_CAPTURE_AUTORELEASING = YES;
				CLANG_WARN_BOOL_CONVERSION = YES;
				CLANG_WARN_COMMA = YES;
				CLANG_WARN_CONSTANT_CONVERSION = YES;
				CLANG_WARN_DEPRECATED_OBJC_IMPLEMENTATIONS = YES;
				CLANG_WARN_DIRECT_OBJC_ISA_USAGE = YES_ERROR;
				CLANG_WARN_DOCUMENTATION_COMMENTS = YES;
				CLANG_WARN_EMPTY_BODY = YES;
				CLANG_WARN_ENUM_CONVERSION = YES;
				CLANG_WARN_INFINITE_RECURSION = YES;
				CLANG_WARN_INT_CONVERSION = YES;
				CLANG_WARN_NON_LITERAL_NULL_CONVERSION = YES;
				CLANG_WARN_OBJC_IMPLICIT_RETAIN_SELF = YES;
				CLANG_WARN_OBJC_LITERAL_CONVERSION = YES;
				CLANG_WARN_OBJC_ROOT_CLASS = YES_ERROR;
				CLANG_WARN_RANGE_LOOP_ANALYSIS = YES;
				CLANG_WARN_STRICT_PROTOTYPES = YES;
				CLANG_WARN_SUSPICIOUS_MOVE = YES;
				CLANG_WARN_UNGUARDED_AVAILABILITY = YES_AGGRESSIVE;
				CLANG_WARN_UNREACHABLE_CODE = YES;
				CLANG_WARN__DUPLICATE_METHOD_MATCH = YES;
				COPY_PHASE_STRIP = NO;
				DEBUG_INFORMATION_FORMAT = dwarf;
				ENABLE_STRICT_OBJC_MSGSEND = YES;
				ENABLE_TESTABILITY = YES;
				GCC_C_LANGUAGE_STANDARD = gnu11;
				GCC_DYNAMIC_NO_PIC = NO;
				GCC_NO_COMMON_BLOCKS = YES;
				GCC_OPTIMIZATION_LEVEL = 0;
				GCC_PREPROCESSOR_DEFINITIONS = (
					"DEBUG=1",
					"$(inherited)",
				);
				GCC_WARN_64_TO_32_BIT_CONVERSION = YES;
				GCC_WARN_ABOUT_RETURN_TYPE = YES_ERROR;
				GCC_WARN_UNDECLARED_SELECTOR = YES;
				GCC_WARN_UNINITIALIZED_AUTOS = YES_AGGRESSIVE;
				GCC_WARN_UNUSED_FUNCTION = YES;
				GCC_WARN_UNUSED_VARIABLE = YES;
				HEADER_SEARCH_PATHS = "$(inherited)";
				MTL_ENABLE_DEBUG_INFO = INCLUDE_SOURCE;
				MTL_FAST_MATH = YES;
				ONLY_ACTIVE_ARCH = YES;
				PATH = "$(PATH):$(PROJECT_DIR)";
				PRODUCT_NAME = "$(TARGET_NAME)";
				SKETCHBOOK_DIR = "";
				UPDATE_POLICY = 0;
			};
			name = Debug;
		};
		4CE0F233219790C40073633E /* Release */ = {
			isa = XCBuildConfiguration;
			buildSettings = {
				ALWAYS_SEARCH_USER_PATHS = NO;
				CLANG_ANALYZER_NONNULL = YES;
				CLANG_ANALYZER_NUMBER_OBJECT_CONVERSION = YES_AGGRESSIVE;
				CLANG_CXX_LANGUAGE_STANDARD = "gnu++14";
				CLANG_CXX_LIBRARY = "libc++";
				CLANG_ENABLE_MODULES = YES;
				CLANG_ENABLE_OBJC_ARC = YES;
				CLANG_ENABLE_OBJC_WEAK = YES;
				CLANG_WARN_BLOCK_CAPTURE_AUTORELEASING = YES;
				CLANG_WARN_BOOL_CONVERSION = YES;
				CLANG_WARN_COMMA = YES;
				CLANG_WARN_CONSTANT_CONVERSION = YES;
				CLANG_WARN_DEPRECATED_OBJC_IMPLEMENTATIONS = YES;
				CLANG_WARN_DIRECT_OBJC_ISA_USAGE = YES_ERROR;
				CLANG_WARN_DOCUMENTATION_COMMENTS = YES;
				CLANG_WARN_EMPTY_BODY = YES;
				CLANG_WARN_ENUM_CONVERSION = YES;
				CLANG_WARN_INFINITE_RECURSION = YES;
				CLANG_WARN_INT_CONVERSION = YES;
				CLANG_WARN_NON_LITERAL_NULL_CONVERSION = YES;
				CLANG_WARN_OBJC_IMPLICIT_RETAIN_SELF = YES;
				CLANG_WARN_OBJC_LITERAL_CONVERSION = YES;
				CLANG_WARN_OBJC_ROOT_CLASS = YES_ERROR;
				CLANG_WARN_RANGE_LOOP_ANALYSIS = YES;
				CLANG_WARN_STRICT_PROTOTYPES = YES;
				CLANG_WARN_SUSPICIOUS_MOVE = YES;
				CLANG_WARN_UNGUARDED_AVAILABILITY = YES_AGGRESSIVE;
				CLANG_WARN_UNREACHABLE_CODE = YES;
				CLANG_WARN__DUPLICATE_METHOD_MATCH = YES;
				COPY_PHASE_STRIP = NO;
				DEBUG_INFORMATION_FORMAT = "dwarf-with-dsym";
				ENABLE_NS_ASSERTIONS = NO;
				ENABLE_STRICT_OBJC_MSGSEND = YES;
				GCC_C_LANGUAGE_STANDARD = gnu11;
				GCC_NO_COMMON_BLOCKS = YES;
				GCC_WARN_64_TO_32_BIT_CONVERSION = YES;
				GCC_WARN_ABOUT_RETURN_TYPE = YES_ERROR;
				GCC_WARN_UNDECLARED_SELECTOR = YES;
				GCC_WARN_UNINITIALIZED_AUTOS = YES_AGGRESSIVE;
				GCC_WARN_UNUSED_FUNCTION = YES;
				GCC_WARN_UNUSED_VARIABLE = YES;
				HEADER_SEARCH_PATHS = "$(inherited)";
				MTL_ENABLE_DEBUG_INFO = NO;
				MTL_FAST_MATH = YES;
				PATH = "$(PATH):$(PROJECT_DIR)";
				PRODUCT_NAME = "$(TARGET_NAME)";
				SKETCHBOOK_DIR = "";
				UPDATE_POLICY = 0;
			};
			name = Release;
		};
		4CE0F235219790C40073633E /* Debug */ = {
			isa = XCBuildConfiguration;
			buildSettings = {
				CODE_SIGN_STYLE = Automatic;
				DEVELOPMENT_TEAM = MFNQ54N2S6;
				PRODUCT_NAME = "$(TARGET_NAME)";
			};
			name = Debug;
		};
		4CE0F236219790C40073633E /* Release */ = {
			isa = XCBuildConfiguration;
			buildSettings = {
				CODE_SIGN_STYLE = Automatic;
				DEVELOPMENT_TEAM = MFNQ54N2S6;
				PRODUCT_NAME = "$(TARGET_NAME)";
			};
			name = Release;
		};
		4CE0F238219790C40073633E /* Debug */ = {
			isa = XCBuildConfiguration;
			buildSettings = {
				CODE_SIGN_STYLE = Automatic;
				DEVELOPMENT_TEAM = MFNQ54N2S6;
			};
			name = Debug;
		};
		4CE0F239219790C40073633E /* Release */ = {
			isa = XCBuildConfiguration;
			buildSettings = {
				CODE_SIGN_STYLE = Automatic;
				DEVELOPMENT_TEAM = MFNQ54N2S6;
			};
			name = Release;
		};
		4CE0F23B219790C40073633E /* Debug */ = {
			isa = XCBuildConfiguration;
			buildSettings = {
				CODE_SIGN_STYLE = Automatic;
				DEVELOPMENT_TEAM = MFNQ54N2S6;
			};
			name = Debug;
		};
		4CE0F23C219790C40073633E /* Release */ = {
			isa = XCBuildConfiguration;
			buildSettings = {
				CODE_SIGN_STYLE = Automatic;
				DEVELOPMENT_TEAM = MFNQ54N2S6;
			};
			name = Release;
		};
		4CE0F23E219790C40073633E /* Debug */ = {
			isa = XCBuildConfiguration;
			buildSettings = {
				CODE_SIGN_STYLE = Automatic;
				DEVELOPMENT_TEAM = MFNQ54N2S6;
			};
			name = Debug;
		};
		4CE0F23F219790C40073633E /* Release */ = {
			isa = XCBuildConfiguration;
			buildSettings = {
				CODE_SIGN_STYLE = Automatic;
				DEVELOPMENT_TEAM = MFNQ54N2S6;
			};
			name = Release;
		};
		4CE0F241219790C40073633E /* Debug */ = {
			isa = XCBuildConfiguration;
			buildSettings = {
				CODE_SIGN_STYLE = Automatic;
				DEVELOPMENT_TEAM = MFNQ54N2S6;
			};
			name = Debug;
		};
		4CE0F242219790C40073633E /* Release */ = {
			isa = XCBuildConfiguration;
			buildSettings = {
				CODE_SIGN_STYLE = Automatic;
				DEVELOPMENT_TEAM = MFNQ54N2S6;
			};
			name = Release;
		};
		4CE0F244219790C40073633E /* Debug */ = {
			isa = XCBuildConfiguration;
			buildSettings = {
				CODE_SIGN_STYLE = Automatic;
				DEVELOPMENT_TEAM = MFNQ54N2S6;
			};
			name = Debug;
		};
		4CE0F245219790C40073633E /* Release */ = {
			isa = XCBuildConfiguration;
			buildSettings = {
				CODE_SIGN_STYLE = Automatic;
				DEVELOPMENT_TEAM = MFNQ54N2S6;
			};
			name = Release;
		};
/* End XCBuildConfiguration section */

/* Begin XCConfigurationList section */
		4CE0F1D0219790C40073633E /* Build configuration list for PBXProject "Ultrasonic Distance Sensor" */ = {
			isa = XCConfigurationList;
			buildConfigurations = (
				4CE0F232219790C40073633E /* Debug */,
				4CE0F233219790C40073633E /* Release */,
			);
			defaultConfigurationIsVisible = 0;
			defaultConfigurationName = Release;
		};
		4CE0F234219790C40073633E /* Build configuration list for PBXLegacyTarget "Build" */ = {
			isa = XCConfigurationList;
			buildConfigurations = (
				4CE0F235219790C40073633E /* Debug */,
				4CE0F236219790C40073633E /* Release */,
			);
			defaultConfigurationIsVisible = 0;
			defaultConfigurationName = Release;
		};
		4CE0F237219790C40073633E /* Build configuration list for PBXLegacyTarget "All" */ = {
			isa = XCConfigurationList;
			buildConfigurations = (
				4CE0F238219790C40073633E /* Debug */,
				4CE0F239219790C40073633E /* Release */,
			);
			defaultConfigurationIsVisible = 0;
			defaultConfigurationName = Release;
		};
		4CE0F23A219790C40073633E /* Build configuration list for PBXLegacyTarget "Boards" */ = {
			isa = XCConfigurationList;
			buildConfigurations = (
				4CE0F23B219790C40073633E /* Debug */,
				4CE0F23C219790C40073633E /* Release */,
			);
			defaultConfigurationIsVisible = 0;
			defaultConfigurationName = Release;
		};
		4CE0F23D219790C40073633E /* Build configuration list for PBXLegacyTarget "Serial" */ = {
			isa = XCConfigurationList;
			buildConfigurations = (
				4CE0F23E219790C40073633E /* Debug */,
				4CE0F23F219790C40073633E /* Release */,
			);
			defaultConfigurationIsVisible = 0;
			defaultConfigurationName = Release;
		};
		4CE0F240219790C40073633E /* Build configuration list for PBXLegacyTarget "Upload" */ = {
			isa = XCConfigurationList;
			buildConfigurations = (
				4CE0F241219790C40073633E /* Debug */,
				4CE0F242219790C40073633E /* Release */,
			);
			defaultConfigurationIsVisible = 0;
			defaultConfigurationName = Release;
		};
		4CE0F243219790C40073633E /* Build configuration list for PBXNativeTarget "Index" */ = {
			isa = XCConfigurationList;
			buildConfigurations = (
				4CE0F244219790C40073633E /* Debug */,
				4CE0F245219790C40073633E /* Release */,
			);
			defaultConfigurationIsVisible = 0;
			defaultConfigurationName = Release;
		};
/* End XCConfigurationList section */
	};
	rootObject = 4CE0F1CD219790C40073633E /* Project object */;
}
